
Microsoft Visual Studio Solution File, Format Version 12.00
# Visual Studio Version 17
VisualStudioVersion = 17.4.33110.190
MinimumVisualStudioVersion = 10.0.40219.1
Project("{911E67C6-3D85-4FCE-B560-20A9C3E3FF48}") = "Blockbench", "..\..\AppData\Local\Programs\Blockbench\Blockbench.exe", "{BC21E1F7-64C1-4D94-B654-53DB0B1EF829}"
	ProjectSection(DebuggerProjectSystem) = preProject
		PortSupplier = 00000000-0000-0000-0000-000000000000
		Executable = C:\Users\USER\AppData\Local\Programs\Blockbench\Blockbench.exe
		RemoteMachine = DESKTOP-EUKDJVJ
		StartingDirectory = C:\Users\USER\AppData\Local\Programs\Blockbench
		Environment = Default
		LaunchingEngine = 00000000-0000-0000-0000-000000000000
		UseLegacyDebugEngines = No
		LaunchSQLEngine = No
		AttachLaunchAction = No
		IORedirection = Auto
	EndProjectSection
EndProject
Global
	GlobalSection(SolutionConfigurationPlatforms) = preSolution
		Release|x64 = Release|x64
	EndGlobalSection
	GlobalSection(ProjectConfigurationPlatforms) = postSolution
		{BC21E1F7-64C1-4D94-B654-53DB0B1EF829}.Release|x64.ActiveCfg = Release|x64
	EndGlobalSection
	GlobalSection(SolutionProperties) = preSolution
		HideSolutionNode = FALSE
	EndGlobalSection
	GlobalSection(ExtensibilityGlobals) = postSolution
		SolutionGuid = {C84CCE67-5DB9-4E7B-9241-D103C44BA11B}
	EndGlobalSection
EndGlobal
